
Microsoft Visual Studio Solution File, Format Version 12.00
# Visual Studio Version 16
VisualStudioVersion = 16.0.28803.352
MinimumVisualStudioVersion = 10.0.40219.1
Project("{2150E333-8FDC-42A3-9474-1A3956D46DE8}") = "10.Persistance", "10.Persistance", "{E0A8617F-B84D-4BAD-A70B-3B902D850C7B}"
EndProject
Project("{2150E333-8FDC-42A3-9474-1A3956D46DE8}") = "20.Business", "20.Business", "{8713C031-8BB0-4084-AD01-84195FE5AC78}"
EndProject
Project("{2150E333-8FDC-42A3-9474-1A3956D46DE8}") = "30.Presentation", "30.Presentation", "{70009FD2-D173-4CD7-AA38-CC2E0FA53859}"
EndProject
Project("{FAE04EC0-301F-11D3-BF4B-00C04F79EFBC}") = "UWP_Aanwezigheidslijst.EF", "UWP_Aanwezigheidslijst.EF\UWP_Aanwezigheidslijst.EF.csproj", "{CD945BC7-8589-415F-8E38-277A77608AF2}"
EndProject
Project("{FAE04EC0-301F-11D3-BF4B-00C04F79EFBC}") = "UWP_Aanwezigheidslijst.EF.MigrationConsole", "UWP_Aanwezigheidslijst.EF.MigrationConsole\UWP_Aanwezigheidslijst.EF.MigrationConsole.csproj", "{032A1B99-B5EA-4ECE-978B-6F4789B0327B}"
EndProject
Project("{FAE04EC0-301F-11D3-BF4B-00C04F79EFBC}") = "UWP_Aanwezigheidslijst.BusinessLogic", "UWP_Aanwezigheidslijst.BusinessLogic\UWP_Aanwezigheidslijst.BusinessLogic.csproj", "{83930DAF-3B9E-4D04-9751-9F0B59B4A85E}"
EndProject
Project("{FAE04EC0-301F-11D3-BF4B-00C04F79EFBC}") = "UWP_Aanwezigheidslijst.UWP", "UWP_Aanwezigheidslijst.UWP\UWP_Aanwezigheidslijst.UWP.csproj", "{E6F8E164-F723-415D-9F12-09FAB4C81C20}"
EndProject
Global
	GlobalSection(SolutionConfigurationPlatforms) = preSolution
		Debug|Any CPU = Debug|Any CPU
		Debug|ARM = Debug|ARM
		Debug|ARM64 = Debug|ARM64
		Debug|x64 = Debug|x64
		Debug|x86 = Debug|x86
		Release|Any CPU = Release|Any CPU
		Release|ARM = Release|ARM
		Release|ARM64 = Release|ARM64
		Release|x64 = Release|x64
		Release|x86 = Release|x86
	EndGlobalSection
	GlobalSection(ProjectConfigurationPlatforms) = postSolution
		{CD945BC7-8589-415F-8E38-277A77608AF2}.Debug|Any CPU.ActiveCfg = Debug|Any CPU
		{CD945BC7-8589-415F-8E38-277A77608AF2}.Debug|Any CPU.Build.0 = Debug|Any CPU
		{CD945BC7-8589-415F-8E38-277A77608AF2}.Debug|ARM.ActiveCfg = Debug|Any CPU
		{CD945BC7-8589-415F-8E38-277A77608AF2}.Debug|ARM.Build.0 = Debug|Any CPU
		{CD945BC7-8589-415F-8E38-277A77608AF2}.Debug|ARM64.ActiveCfg = Debug|Any CPU
		{CD945BC7-8589-415F-8E38-277A77608AF2}.Debug|ARM64.Build.0 = Debug|Any CPU
		{CD945BC7-8589-415F-8E38-277A77608AF2}.Debug|x64.ActiveCfg = Debug|Any CPU
		{CD945BC7-8589-415F-8E38-277A77608AF2}.Debug|x64.Build.0 = Debug|Any CPU
		{CD945BC7-8589-415F-8E38-277A77608AF2}.Debug|x86.ActiveCfg = Debug|Any CPU
		{CD945BC7-8589-415F-8E38-277A77608AF2}.Debug|x86.Build.0 = Debug|Any CPU
		{CD945BC7-8589-415F-8E38-277A77608AF2}.Release|Any CPU.ActiveCfg = Release|Any CPU
		{CD945BC7-8589-415F-8E38-277A77608AF2}.Release|Any CPU.Build.0 = Release|Any CPU
		{CD945BC7-8589-415F-8E38-277A77608AF2}.Release|ARM.ActiveCfg = Release|Any CPU
		{CD945BC7-8589-415F-8E38-277A77608AF2}.Release|ARM.Build.0 = Release|Any CPU
		{CD945BC7-8589-415F-8E38-277A77608AF2}.Release|ARM64.ActiveCfg = Release|Any CPU
		{CD945BC7-8589-415F-8E38-277A77608AF2}.Release|ARM64.Build.0 = Release|Any CPU
		{CD945BC7-8589-415F-8E38-277A77608AF2}.Release|x64.ActiveCfg = Release|Any CPU
		{CD945BC7-8589-415F-8E38-277A77608AF2}.Release|x64.Build.0 = Release|Any CPU
		{CD945BC7-8589-415F-8E38-277A77608AF2}.Release|x86.ActiveCfg = Release|Any CPU
		{CD945BC7-8589-415F-8E38-277A77608AF2}.Release|x86.Build.0 = Release|Any CPU
		{032A1B99-B5EA-4ECE-978B-6F4789B0327B}.Debug|Any CPU.ActiveCfg = Debug|Any CPU
		{032A1B99-B5EA-4ECE-978B-6F4789B0327B}.Debug|Any CPU.Build.0 = Debug|Any CPU
		{032A1B99-B5EA-4ECE-978B-6F4789B0327B}.Debug|ARM.ActiveCfg = Debug|Any CPU
		{032A1B99-B5EA-4ECE-978B-6F4789B0327B}.Debug|ARM.Build.0 = Debug|Any CPU
		{032A1B99-B5EA-4ECE-978B-6F4789B0327B}.Debug|ARM64.ActiveCfg = Debug|Any CPU
		{032A1B99-B5EA-4ECE-978B-6F4789B0327B}.Debug|ARM64.Build.0 = Debug|Any CPU
		{032A1B99-B5EA-4ECE-978B-6F4789B0327B}.Debug|x64.ActiveCfg = Debug|Any CPU
		{032A1B99-B5EA-4ECE-978B-6F4789B0327B}.Debug|x64.Build.0 = Debug|Any CPU
		{032A1B99-B5EA-4ECE-978B-6F4789B0327B}.Debug|x86.ActiveCfg = Debug|Any CPU
		{032A1B99-B5EA-4ECE-978B-6F4789B0327B}.Debug|x86.Build.0 = Debug|Any CPU
		{032A1B99-B5EA-4ECE-978B-6F4789B0327B}.Release|Any CPU.ActiveCfg = Release|Any CPU
		{032A1B99-B5EA-4ECE-978B-6F4789B0327B}.Release|Any CPU.Build.0 = Release|Any CPU
		{032A1B99-B5EA-4ECE-978B-6F4789B0327B}.Release|ARM.ActiveCfg = Release|Any CPU
		{032A1B99-B5EA-4ECE-978B-6F4789B0327B}.Release|ARM.Build.0 = Release|Any CPU
		{032A1B99-B5EA-4ECE-978B-6F4789B0327B}.Release|ARM64.ActiveCfg = Release|Any CPU
		{032A1B99-B5EA-4ECE-978B-6F4789B0327B}.Release|ARM64.Build.0 = Release|Any CPU
		{032A1B99-B5EA-4ECE-978B-6F4789B0327B}.Release|x64.ActiveCfg = Release|Any CPU
		{032A1B99-B5EA-4ECE-978B-6F4789B0327B}.Release|x64.Build.0 = Release|Any CPU
		{032A1B99-B5EA-4ECE-978B-6F4789B0327B}.Release|x86.ActiveCfg = Release|Any CPU
		{032A1B99-B5EA-4ECE-978B-6F4789B0327B}.Release|x86.Build.0 = Release|Any CPU
		{83930DAF-3B9E-4D04-9751-9F0B59B4A85E}.Debug|Any CPU.ActiveCfg = Debug|Any CPU
		{83930DAF-3B9E-4D04-9751-9F0B59B4A85E}.Debug|Any CPU.Build.0 = Debug|Any CPU
		{83930DAF-3B9E-4D04-9751-9F0B59B4A85E}.Debug|ARM.ActiveCfg = Debug|Any CPU
		{83930DAF-3B9E-4D04-9751-9F0B59B4A85E}.Debug|ARM.Build.0 = Debug|Any CPU
		{83930DAF-3B9E-4D04-9751-9F0B59B4A85E}.Debug|ARM64.ActiveCfg = Debug|Any CPU
		{83930DAF-3B9E-4D04-9751-9F0B59B4A85E}.Debug|ARM64.Build.0 = Debug|Any CPU
		{83930DAF-3B9E-4D04-9751-9F0B59B4A85E}.Debug|x64.ActiveCfg = Debug|Any CPU
		{83930DAF-3B9E-4D04-9751-9F0B59B4A85E}.Debug|x64.Build.0 = Debug|Any CPU
		{83930DAF-3B9E-4D04-9751-9F0B59B4A85E}.Debug|x86.ActiveCfg = Debug|Any CPU
		{83930DAF-3B9E-4D04-9751-9F0B59B4A85E}.Debug|x86.Build.0 = Debug|Any CPU
		{83930DAF-3B9E-4D04-9751-9F0B59B4A85E}.Release|Any CPU.ActiveCfg = Release|Any CPU
		{83930DAF-3B9E-4D04-9751-9F0B59B4A85E}.Release|Any CPU.Build.0 = Release|Any CPU
		{83930DAF-3B9E-4D04-9751-9F0B59B4A85E}.Release|ARM.ActiveCfg = Release|Any CPU
		{83930DAF-3B9E-4D04-9751-9F0B59B4A85E}.Release|ARM.Build.0 = Release|Any CPU
		{83930DAF-3B9E-4D04-9751-9F0B59B4A85E}.Release|ARM64.ActiveCfg = Release|Any CPU
		{83930DAF-3B9E-4D04-9751-9F0B59B4A85E}.Release|ARM64.Build.0 = Release|Any CPU
		{83930DAF-3B9E-4D04-9751-9F0B59B4A85E}.Release|x64.ActiveCfg = Release|Any CPU
		{83930DAF-3B9E-4D04-9751-9F0B59B4A85E}.Release|x64.Build.0 = Release|Any CPU
		{83930DAF-3B9E-4D04-9751-9F0B59B4A85E}.Release|x86.ActiveCfg = Release|Any CPU
		{83930DAF-3B9E-4D04-9751-9F0B59B4A85E}.Release|x86.Build.0 = Release|Any CPU
		{E6F8E164-F723-415D-9F12-09FAB4C81C20}.Debug|Any CPU.ActiveCfg = Debug|x86
		{E6F8E164-F723-415D-9F12-09FAB4C81C20}.Debug|ARM.ActiveCfg = Debug|ARM
		{E6F8E164-F723-415D-9F12-09FAB4C81C20}.Debug|ARM.Build.0 = Debug|ARM
		{E6F8E164-F723-415D-9F12-09FAB4C81C20}.Debug|ARM.Deploy.0 = Debug|ARM
		{E6F8E164-F723-415D-9F12-09FAB4C81C20}.Debug|ARM64.ActiveCfg = Debug|ARM64
		{E6F8E164-F723-415D-9F12-09FAB4C81C20}.Debug|ARM64.Build.0 = Debug|ARM64
		{E6F8E164-F723-415D-9F12-09FAB4C81C20}.Debug|ARM64.Deploy.0 = Debug|ARM64
		{E6F8E164-F723-415D-9F12-09FAB4C81C20}.Debug|x64.ActiveCfg = Debug|x64
		{E6F8E164-F723-415D-9F12-09FAB4C81C20}.Debug|x64.Build.0 = Debug|x64
		{E6F8E164-F723-415D-9F12-09FAB4C81C20}.Debug|x64.Deploy.0 = Debug|x64
		{E6F8E164-F723-415D-9F12-09FAB4C81C20}.Debug|x86.ActiveCfg = Debug|x86
		{E6F8E164-F723-415D-9F12-09FAB4C81C20}.Debug|x86.Build.0 = Debug|x86
		{E6F8E164-F723-415D-9F12-09FAB4C81C20}.Debug|x86.Deploy.0 = Debug|x86
		{E6F8E164-F723-415D-9F12-09FAB4C81C20}.Release|Any CPU.ActiveCfg = Release|x86
		{E6F8E164-F723-415D-9F12-09FAB4C81C20}.Release|ARM.ActiveCfg = Release|ARM
		{E6F8E164-F723-415D-9F12-09FAB4C81C20}.Release|ARM.Build.0 = Release|ARM
		{E6F8E164-F723-415D-9F12-09FAB4C81C20}.Release|ARM.Deploy.0 = Release|ARM
		{E6F8E164-F723-415D-9F12-09FAB4C81C20}.Release|ARM64.ActiveCfg = Release|ARM64
		{E6F8E164-F723-415D-9F12-09FAB4C81C20}.Release|ARM64.Build.0 = Release|ARM64
		{E6F8E164-F723-415D-9F12-09FAB4C81C20}.Release|ARM64.Deploy.0 = Release|ARM64
		{E6F8E164-F723-415D-9F12-09FAB4C81C20}.Release|x64.ActiveCfg = Release|x64
		{E6F8E164-F723-415D-9F12-09FAB4C81C20}.Release|x64.Build.0 = Release|x64
		{E6F8E164-F723-415D-9F12-09FAB4C81C20}.Release|x64.Deploy.0 = Release|x64
		{E6F8E164-F723-415D-9F12-09FAB4C81C20}.Release|x86.ActiveCfg = Release|x86
		{E6F8E164-F723-415D-9F12-09FAB4C81C20}.Release|x86.Build.0 = Release|x86
		{E6F8E164-F723-415D-9F12-09FAB4C81C20}.Release|x86.Deploy.0 = Release|x86
	EndGlobalSection
	GlobalSection(SolutionProperties) = preSolution
		HideSolutionNode = FALSE
	EndGlobalSection
	GlobalSection(NestedProjects) = preSolution
		{CD945BC7-8589-415F-8E38-277A77608AF2} = {E0A8617F-B84D-4BAD-A70B-3B902D850C7B}
		{032A1B99-B5EA-4ECE-978B-6F4789B0327B} = {E0A8617F-B84D-4BAD-A70B-3B902D850C7B}
		{83930DAF-3B9E-4D04-9751-9F0B59B4A85E} = {8713C031-8BB0-4084-AD01-84195FE5AC78}
		{E6F8E164-F723-415D-9F12-09FAB4C81C20} = {70009FD2-D173-4CD7-AA38-CC2E0FA53859}
	EndGlobalSection
	GlobalSection(ExtensibilityGlobals) = postSolution
		SolutionGuid = {D76267C8-F21A-4F46-92AF-A86A0F51B040}
	EndGlobalSection
EndGlobal
